{
  "version": 4,
  "terraform_version": "1.13.1",
  "serial": 16,
  "lineage": "63d929ff-84d0-bf1b-c640-783ed6e35b09",
  "outputs": {
    "aws_ec2_instances": {
      "value": 2,
      "type": "number"
    },
    "devops_op": {
      "value": "krishna",
      "type": "string"
    }
  },
  "resources": [
    {
      "mode": "managed",
      "type": "local_file",
      "name": "devops",
      "provider": "provider[\"registry.terraform.io/hashicorp/local\"]",
      "instances": [
        {
          "schema_version": 0,
          "attributes": {
            "content": "THIS IS THE FIRST ONE",
            "content_base64": null,
            "content_base64sha256": "JUXLULtc/apDQVWbraDu9CuC9x+fxbvoFNaGceYb9ww=",
            "content_base64sha512": "IRuAbPyOsEhlKdgMV1CZlIccOIzk5532LVj0SdqVQ+fFIzAC/Ll/bRPq9BZp46L4d3K0K4oib5Wz8fALeEy0vg==",
            "content_md5": "ef2dcfbefbb5568a1c851f7b006c689e",
            "content_sha1": "85fb7be870b611514f2d45bda8c9b81e4f5d86fb",
            "content_sha256": "2545cb50bb5cfdaa4341559bada0eef42b82f71f9fc5bbe814d68671e61bf70c",
            "content_sha512": "211b806cfc8eb0486529d80c57509994871c388ce4e79df62d58f449da9543e7c5233002fcb97f6d13eaf41669e3a2f87772b42b8a226f95b3f1f00b784cb4be",
            "directory_permission": "0777",
            "file_permission": "0777",
            "filename": "/home/ubuntu/terraform/terraform-variable/file_1.txt",
            "id": "85fb7be870b611514f2d45bda8c9b81e4f5d86fb",
            "sensitive_content": null,
            "source": null
          },
          "sensitive_attributes": [
            [
              {
                "type": "get_attr",
                "value": "sensitive_content"
              }
            ]
          ],
          "identity_schema_version": 0
        }
      ]
    },
    {
      "mode": "managed",
      "type": "local_file",
      "name": "devops-var",
      "provider": "provider[\"registry.terraform.io/hashicorp/local\"]",
      "instances": [
        {
          "schema_version": 0,
          "attributes": {
            "content": "THIS IS THE SECOND ONE ",
            "content_base64": null,
            "content_base64sha256": "aE/HgFtcFtofa/3YRuGeAej6oE6gn7nsqYSj2OWkOmQ=",
            "content_base64sha512": "mroOEK+Jyki6vOQX3j7WoV2RRzhjfbqcE02bobuosEW9Ijoh0Tz7C2hDym7WkqZiF0069D2l52SGEhW6kVpc1A==",
            "content_md5": "d6483b89fb860dc021d74ebeca905a4a",
            "content_sha1": "bd152f6eadf0527bb496aaa72bb0c5b742515b26",
            "content_sha256": "684fc7805b5c16da1f6bfdd846e19e01e8faa04ea09fb9eca984a3d8e5a43a64",
            "content_sha512": "9aba0e10af89ca48babce417de3ed6a15d914738637dba9c134d9ba1bba8b045bd223a21d13cfb0b6843ca6ed692a662174d3af43da5e764861215ba915a5cd4",
            "directory_permission": "0777",
            "file_permission": "0777",
            "filename": "/home/ubuntu/terraform/terraform-variable/file_2.txt",
            "id": "bd152f6eadf0527bb496aaa72bb0c5b742515b26",
            "sensitive_content": null,
            "source": null
          },
          "sensitive_attributes": [
            [
              {
                "type": "get_attr",
                "value": "sensitive_content"
              }
            ]
          ],
          "identity_schema_version": 0
        }
      ]
    }
  ],
  "check_results": null
}
